// !$*UTF8*$!
{
	archiveVersion = 1;
	classes = {
	};
	objectVersion = 46;
	objects = {

/* Begin PBXBuildFile section */
		5B098CD41B033ED2004F3D15 /* main.m in Sources */ = {isa = PBXBuildFile; fileRef = 5B098CD31B033ED2004F3D15 /* main.m */; };
		5B098CD71B033ED2004F3D15 /* AppDelegate.m in Sources */ = {isa = PBXBuildFile; fileRef = 5B098CD61B033ED2004F3D15 /* AppDelegate.m */; };
		5B098CDA1B033ED2004F3D15 /* ViewController.m in Sources */ = {isa = PBXBuildFile; fileRef = 5B098CD91B033ED2004F3D15 /* ViewController.m */; };
		5B098CDD1B033ED2004F3D15 /* Main.storyboard in Resources */ = {isa = PBXBuildFile; fileRef = 5B098CDB1B033ED2004F3D15 /* Main.storyboard */; };
		5B098CDF1B033ED2004F3D15 /* Images.xcassets in Resources */ = {isa = PBXBuildFile; fileRef = 5B098CDE1B033ED2004F3D15 /* Images.xcassets */; };
		5B098CE21B033ED2004F3D15 /* LaunchScreen.xib in Resources */ = {isa = PBXBuildFile; fileRef = 5B098CE01B033ED2004F3D15 /* LaunchScreen.xib */; };
		5B098CEE1B033ED2004F3D15 /* CI_ios_appTests.m in Sources */ = {isa = PBXBuildFile; fileRef = 5B098CED1B033ED2004F3D15 /* CI_ios_appTests.m */; };
/* End PBXBuildFile section */

/* Begin PBXContainerItemProxy section */
		5B098CE81B033ED2004F3D15 /* PBXContainerItemProxy */ = {
			isa = PBXContainerItemProxy;
			containerPortal = 5B098CC61B033ED2004F3D15 /* Project object */;
			proxyType = 1;
			remoteGlobalIDString = 5B098CCD1B033ED2004F3D15;
			remoteInfo = "CI ios app";
		};
/* End PBXContainerItemProxy section */

/* Begin PBXFileReference section */
		5B098CCE1B033ED2004F3D15 /* CI ios app.app */ = {isa = PBXFileReference; explicitFileType = wrapper.application; includeInIndex = 0; path = "CI ios app.app"; sourceTree = BUILT_PRODUCTS_DIR; };
		5B098CD21B033ED2004F3D15 /* Info.plist */ = {isa = PBXFileReference; lastKnownFileType = text.plist.xml; path = Info.plist; sourceTree = "<group>"; };
		5B098CD31B033ED2004F3D15 /* main.m */ = {isa = PBXFileReference; lastKnownFileType = sourcecode.c.objc; path = main.m; sourceTree = "<group>"; };
		5B098CD51B033ED2004F3D15 /* AppDelegate.h */ = {isa = PBXFileReference; lastKnownFileType = sourcecode.c.h; path = AppDelegate.h; sourceTree = "<group>"; };
		5B098CD61B033ED2004F3D15 /* AppDelegate.m */ = {isa = PBXFileReference; lastKnownFileType = sourcecode.c.objc; path = AppDelegate.m; sourceTree = "<group>"; };
		5B098CD81B033ED2004F3D15 /* ViewController.h */ = {isa = PBXFileReference; lastKnownFileType = sourcecode.c.h; path = ViewController.h; sourceTree = "<group>"; };
		5B098CD91B033ED2004F3D15 /* ViewController.m */ = {isa = PBXFileReference; lastKnownFileType = sourcecode.c.objc; path = ViewController.m; sourceTree = "<group>"; };
		5B098CDC1B033ED2004F3D15 /* Base */ = {isa = PBXFileReference; lastKnownFileType = file.storyboard; name = Base; path = Base.lproj/Main.storyboard; sourceTree = "<group>"; };
		5B098CDE1B033ED2004F3D15 /* Images.xcassets */ = {isa = PBXFileReference; lastKnownFileType = folder.assetcatalog; path = Images.xcassets; sourceTree = "<group>"; };
		5B098CE11B033ED2004F3D15 /* Base */ = {isa = PBXFileReference; lastKnownFileType = file.xib; name = Base; path = Base.lproj/LaunchScreen.xib; sourceTree = "<group>"; };
		5B098CE71B033ED2004F3D15 /* CI ios appTests.xctest */ = {isa = PBXFileReference; explicitFileType = wrapper.cfbundle; includeInIndex = 0; path = "CI ios appTests.xctest"; sourceTree = BUILT_PRODUCTS_DIR; };
		5B098CEC1B033ED2004F3D15 /* Info.plist */ = {isa = PBXFileReference; lastKnownFileType = text.plist.xml; path = Info.plist; sourceTree = "<group>"; };
		5B098CED1B033ED2004F3D15 /* CI_ios_appTests.m */ = {isa = PBXFileReference; lastKnownFileType = sourcecode.c.objc; path = CI_ios_appTests.m; sourceTree = "<group>"; };
/* End PBXFileReference section */

/* Begin PBXFrameworksBuildPhase section */
		5B098CCB1B033ED2004F3D15 /* Frameworks */ = {
			isa = PBXFrameworksBuildPhase;
			buildActionMask = 2147483647;
			files = (
			);
			runOnlyForDeploymentPostprocessing = 0;
		};
		5B098CE41B033ED2004F3D15 /* Frameworks */ = {
			isa = PBXFrameworksBuildPhase;
			buildActionMask = 2147483647;
			files = (
			);
			runOnlyForDeploymentPostprocessing = 0;
		};
/* End PBXFrameworksBuildPhase section */

/* Begin PBXGroup section */
		5B098CC51B033ED2004F3D15 = {
			isa = PBXGroup;
			children = (
				5B098CD01B033ED2004F3D15 /* CI ios app */,
				5B098CEA1B033ED2004F3D15 /* CI ios appTests */,
				5B098CCF1B033ED2004F3D15 /* Products */,
			);
			sourceTree = "<group>";
		};
		5B098CCF1B033ED2004F3D15 /* Products */ = {
			isa = PBXGroup;
			children = (
				5B098CCE1B033ED2004F3D15 /* CI ios app.app */,
				5B098CE71B033ED2004F3D15 /* CI ios appTests.xctest */,
			);
			name = Products;
			sourceTree = "<group>";
		};
		5B098CD01B033ED2004F3D15 /* CI ios app */ = {
			isa = PBXGroup;
			children = (
				5B098CD51B033ED2004F3D15 /* AppDelegate.h */,
				5B098CD61B033ED2004F3D15 /* AppDelegate.m */,
				5B098CD81B033ED2004F3D15 /* ViewController.h */,
				5B098CD91B033ED2004F3D15 /* ViewController.m */,
				5B098CDB1B033ED2004F3D15 /* Main.storyboard */,
				5B098CDE1B033ED2004F3D15 /* Images.xcassets */,
				5B098CE01B033ED2004F3D15 /* LaunchScreen.xib */,
				5B098CD11B033ED2004F3D15 /* Supporting Files */,
			);
			path = "CI ios app";
			sourceTree = "<group>";
		};
		5B098CD11B033ED2004F3D15 /* Supporting Files */ = {
			isa = PBXGroup;
			children = (
				5B098CD21B033ED2004F3D15 /* Info.plist */,
				5B098CD31B033ED2004F3D15 /* main.m */,
			);
			name = "Supporting Files";
			sourceTree = "<group>";
		};
		5B098CEA1B033ED2004F3D15 /* CI ios appTests */ = {
			isa = PBXGroup;
			children = (
				5B098CED1B033ED2004F3D15 /* CI_ios_appTests.m */,
				5B098CEB1B033ED2004F3D15 /* Supporting Files */,
			);
			path = "CI ios appTests";
			sourceTree = "<group>";
		};
		5B098CEB1B033ED2004F3D15 /* Supporting Files */ = {
			isa = PBXGroup;
			children = (
				5B098CEC1B033ED2004F3D15 /* Info.plist */,
			);
			name = "Supporting Files";
			sourceTree = "<group>";
		};
/* End PBXGroup section */

/* Begin PBXNativeTarget section */
		5B098CCD1B033ED2004F3D15 /* CI ios app */ = {
			isa = PBXNativeTarget;
			buildConfigurationList = 5B098CF11B033ED2004F3D15 /* Build configuration list for PBXNativeTarget "CI ios app" */;
			buildPhases = (
				5B098CCA1B033ED2004F3D15 /* Sources */,
				5B098CCB1B033ED2004F3D15 /* Frameworks */,
				5B098CCC1B033ED2004F3D15 /* Resources */,
			);
			buildRules = (
			);
			dependencies = (
			);
			name = "CI ios app";
			productName = "CI ios app";
			productReference = 5B098CCE1B033ED2004F3D15 /* CI ios app.app */;
			productType = "com.apple.product-type.application";
		};
		5B098CE61B033ED2004F3D15 /* CI ios appTests */ = {
			isa = PBXNativeTarget;
			buildConfigurationList = 5B098CF41B033ED2004F3D15 /* Build configuration list for PBXNativeTarget "CI ios appTests" */;
			buildPhases = (
				5B098CE31B033ED2004F3D15 /* Sources */,
				5B098CE41B033ED2004F3D15 /* Frameworks */,
				5B098CE51B033ED2004F3D15 /* Resources */,
			);
			buildRules = (
			);
			dependencies = (
				5B098CE91B033ED2004F3D15 /* PBXTargetDependency */,
			);
			name = "CI ios appTests";
			productName = "CI ios appTests";
			productReference = 5B098CE71B033ED2004F3D15 /* CI ios appTests.xctest */;
			productType = "com.apple.product-type.bundle.unit-test";
		};
/* End PBXNativeTarget section */

/* Begin PBXProject section */
		5B098CC61B033ED2004F3D15 /* Project object */ = {
			isa = PBXProject;
			attributes = {
				LastUpgradeCheck = 0630;
				ORGANIZATIONNAME = "Filip Jandrijević";
				TargetAttributes = {
					5B098CCD1B033ED2004F3D15 = {
						CreatedOnToolsVersion = 6.3.1;
					};
					5B098CE61B033ED2004F3D15 = {
						CreatedOnToolsVersion = 6.3.1;
						TestTargetID = 5B098CCD1B033ED2004F3D15;
					};
				};
			};
			buildConfigurationList = 5B098CC91B033ED2004F3D15 /* Build configuration list for PBXProject "CI ios app" */;
			compatibilityVersion = "Xcode 3.2";
			developmentRegion = English;
			hasScannedForEncodings = 0;
			knownRegions = (
				en,
				Base,
			);
			mainGroup = 5B098CC51B033ED2004F3D15;
			productRefGroup = 5B098CCF1B033ED2004F3D15 /* Products */;
			projectDirPath = "";
			projectRoot = "";
			targets = (
				5B098CCD1B033ED2004F3D15 /* CI ios app */,
				5B098CE61B033ED2004F3D15 /* CI ios appTests */,
			);
		};
/* End PBXProject section */

/* Begin PBXResourcesBuildPhase section */
		5B098CCC1B033ED2004F3D15 /* Resources */ = {
			isa = PBXResourcesBuildPhase;
			buildActionMask = 2147483647;
			files = (
				5B098CDD1B033ED2004F3D15 /* Main.storyboard in Resources */,
				5B098CE21B033ED2004F3D15 /* LaunchScreen.xib in Resources */,
				5B098CDF1B033ED2004F3D15 /* Images.xcassets in Resources */,
			);
			runOnlyForDeploymentPostprocessing = 0;
		};
		5B098CE51B033ED2004F3D15 /* Resources */ = {
			isa = PBXResourcesBuildPhase;
			buildActionMask = 2147483647;
			files = (
			);
			runOnlyForDeploymentPostprocessing = 0;
		};
/* End PBXResourcesBuildPhase section */

/* Begin PBXSourcesBuildPhase section */
		5B098CCA1B033ED2004F3D15 /* Sources */ = {
			isa = PBXSourcesBuildPhase;
			buildActionMask = 2147483647;
			files = (
				5B098CDA1B033ED2004F3D15 /* ViewController.m in Sources */,
				5B098CD71B033ED2004F3D15 /* AppDelegate.m in Sources */,
				5B098CD41B033ED2004F3D15 /* main.m in Sources */,
			);
			runOnlyForDeploymentPostprocessing = 0;
		};
		5B098CE31B033ED2004F3D15 /* Sources */ = {
			isa = PBXSourcesBuildPhase;
			buildActionMask = 2147483647;
			files = (
				5B098CEE1B033ED2004F3D15 /* CI_ios_appTests.m in Sources */,
			);
			runOnlyForDeploymentPostprocessing = 0;
		};
/* End PBXSourcesBuildPhase section */

/* Begin PBXTargetDependency section */
		5B098CE91B033ED2004F3D15 /* PBXTargetDependency */ = {
			isa = PBXTargetDependency;
			target = 5B098CCD1B033ED2004F3D15 /* CI ios app */;
			targetProxy = 5B098CE81B033ED2004F3D15 /* PBXContainerItemProxy */;
		};
/* End PBXTargetDependency section */

/* Begin PBXVariantGroup section */
		5B098CDB1B033ED2004F3D15 /* Main.storyboard */ = {
			isa = PBXVariantGroup;
			children = (
				5B098CDC1B033ED2004F3D15 /* Base */,
			);
			name = Main.storyboard;
			sourceTree = "<group>";
		};
		5B098CE01B033ED2004F3D15 /* LaunchScreen.xib */ = {
			isa = PBXVariantGroup;
			children = (
				5B098CE11B033ED2004F3D15 /* Base */,
			);
			name = LaunchScreen.xib;
			sourceTree = "<group>";
		};
/* End PBXVariantGroup section */

/* Begin XCBuildConfiguration section */
		5B098CEF1B033ED2004F3D15 /* Debug */ = {
			isa = XCBuildConfiguration;
			buildSettings = {
				ALWAYS_SEARCH_USER_PATHS = NO;
				CLANG_CXX_LANGUAGE_STANDARD = "gnu++0x";
				CLANG_CXX_LIBRARY = "libc++";
				CLANG_ENABLE_MODULES = YES;
				CLANG_ENABLE_OBJC_ARC = YES;
				CLANG_WARN_BOOL_CONVERSION = YES;
				CLANG_WARN_CONSTANT_CONVERSION = YES;
				CLANG_WARN_DIRECT_OBJC_ISA_USAGE = YES_ERROR;
				CLANG_WARN_EMPTY_BODY = YES;
				CLANG_WARN_ENUM_CONVERSION = YES;
				CLANG_WARN_INT_CONVERSION = YES;
				CLANG_WARN_OBJC_ROOT_CLASS = YES_ERROR;
				CLANG_WARN_UNREACHABLE_CODE = YES;
				CLANG_WARN__DUPLICATE_METHOD_MATCH = YES;
				"CODE_SIGN_IDENTITY[sdk=iphoneos*]" = "iPhone Developer";
				COPY_PHASE_STRIP = NO;
				DEBUG_INFORMATION_FORMAT = "dwarf-with-dsym";
				ENABLE_STRICT_OBJC_MSGSEND = YES;
				GCC_C_LANGUAGE_STANDARD = gnu99;
				GCC_DYNAMIC_NO_PIC = NO;
				GCC_NO_COMMON_BLOCKS = YES;
				GCC_OPTIMIZATION_LEVEL = 0;
				GCC_PREPROCESSOR_DEFINITIONS = (
					"DEBUG=1",
					"$(inherited)",
				);
				GCC_SYMBOLS_PRIVATE_EXTERN = NO;
				GCC_WARN_64_TO_32_BIT_CONVERSION = YES;
				GCC_WARN_ABOUT_RETURN_TYPE = YES_ERROR;
				GCC_WARN_UNDECLARED_SELECTOR = YES;
				GCC_WARN_UNINITIALIZED_AUTOS = YES_AGGRESSIVE;
				GCC_WARN_UNUSED_FUNCTION = YES;
				GCC_WARN_UNUSED_VARIABLE = YES;
				IPHONEOS_DEPLOYMENT_TARGET = 8.3;
				MTL_ENABLE_DEBUG_INFO = YES;
				ONLY_ACTIVE_ARCH = YES;
				SDKROOT = iphoneos;
				TARGETED_DEVICE_FAMILY = "1,2";
			};
			name = Debug;
		};
		5B098CF01B033ED2004F3D15 /* Release */ = {
			isa = XCBuildConfiguration;
			buildSettings = {
				ALWAYS_SEARCH_USER_PATHS = NO;
				CLANG_CXX_LANGUAGE_STANDARD = "gnu++0x";
				CLANG_CXX_LIBRARY = "libc++";
				CLANG_ENABLE_MODULES = YES;
				CLANG_ENABLE_OBJC_ARC = YES;
				CLANG_WARN_BOOL_CONVERSION = YES;
				CLANG_WARN_CONSTANT_CONVERSION = YES;
				CLANG_WARN_DIRECT_OBJC_ISA_USAGE = YES_ERROR;
				CLANG_WARN_EMPTY_BODY = YES;
				CLANG_WARN_ENUM_CONVERSION = YES;
				CLANG_WARN_INT_CONVERSION = YES;
				CLANG_WARN_OBJC_ROOT_CLASS = YES_ERROR;
				CLANG_WARN_UNREACHABLE_CODE = YES;
				CLANG_WARN__DUPLICATE_METHOD_MATCH = YES;
				"CODE_SIGN_IDENTITY[sdk=iphoneos*]" = "iPhone Developer";
				COPY_PHASE_STRIP = NO;
				DEBUG_INFORMATION_FORMAT = "dwarf-with-dsym";
				ENABLE_NS_ASSERTIONS = NO;
				ENABLE_STRICT_OBJC_MSGSEND = YES;
				GCC_C_LANGUAGE_STANDARD = gnu99;
				GCC_NO_COMMON_BLOCKS = YES;
				GCC_WARN_64_TO_32_BIT_CONVERSION = YES;
				GCC_WARN_ABOUT_RETURN_TYPE = YES_ERROR;
				GCC_WARN_UNDECLARED_SELECTOR = YES;
				GCC_WARN_UNINITIALIZED_AUTOS = YES_AGGRESSIVE;
				GCC_WARN_UNUSED_FUNCTION = YES;
				GCC_WARN_UNUSED_VARIABLE = YES;
				IPHONEOS_DEPLOYMENT_TARGET = 8.3;
				MTL_ENABLE_DEBUG_INFO = NO;
				SDKROOT = iphoneos;
				TARGETED_DEVICE_FAMILY = "1,2";
				VALIDATE_PRODUCT = YES;
			};
			name = Release;
		};
		5B098CF21B033ED2004F3D15 /* Debug */ = {
			isa = XCBuildConfiguration;
			buildSettings = {
				ASSETCATALOG_COMPILER_APPICON_NAME = AppIcon;
				INFOPLIST_FILE = "CI ios app/Info.plist";
				LD_RUNPATH_SEARCH_PATHS = "$(inherited) @executable_path/Frameworks";
				PRODUCT_NAME = "$(TARGET_NAME)";
			};
			name = Debug;
		};
		5B098CF31B033ED2004F3D15 /* Release */ = {
			isa = XCBuildConfiguration;
			buildSettings = {
				ASSETCATALOG_COMPILER_APPICON_NAME = AppIcon;
				INFOPLIST_FILE = "CI ios app/Info.plist";
				LD_RUNPATH_SEARCH_PATHS = "$(inherited) @executable_path/Frameworks";
				PRODUCT_NAME = "$(TARGET_NAME)";
			};
			name = Release;
		};
		5B098CF51B033ED2004F3D15 /* Debug */ = {
			isa = XCBuildConfiguration;
			buildSettings = {
				BUNDLE_LOADER = "$(TEST_HOST)";
				FRAMEWORK_SEARCH_PATHS = (
					"$(SDKROOT)/Developer/Library/Frameworks",
					"$(inherited)",
				);
				GCC_PREPROCESSOR_DEFINITIONS = (
					"DEBUG=1",
					"$(inherited)",
				);
				INFOPLIST_FILE = "CI ios appTests/Info.plist";
				LD_RUNPATH_SEARCH_PATHS = "$(inherited) @executable_path/Frameworks @loader_path/Frameworks";
				PRODUCT_NAME = "$(TARGET_NAME)";
				TEST_HOST = "$(BUILT_PRODUCTS_DIR)/CI ios app.app/CI ios app";
			};
			name = Debug;
		};
		5B098CF61B033ED2004F3D15 /* Release */ = {
			isa = XCBuildConfiguration;
			buildSettings = {
				BUNDLE_LOADER = "$(TEST_HOST)";
				FRAMEWORK_SEARCH_PATHS = (
					"$(SDKROOT)/Developer/Library/Frameworks",
					"$(inherited)",
				);
				INFOPLIST_FILE = "CI ios appTests/Info.plist";
				LD_RUNPATH_SEARCH_PATHS = "$(inherited) @executable_path/Frameworks @loader_path/Frameworks";
				PRODUCT_NAME = "$(TARGET_NAME)";
				TEST_HOST = "$(BUILT_PRODUCTS_DIR)/CI ios app.app/CI ios app";
			};
			name = Release;
		};
/* End XCBuildConfiguration section */

/* Begin XCConfigurationList section */
		5B098CC91B033ED2004F3D15 /* Build configuration list for PBXProject "CI ios app" */ = {
			isa = XCConfigurationList;
			buildConfigurations = (
				5B098CEF1B033ED2004F3D15 /* Debug */,
				5B098CF01B033ED2004F3D15 /* Release */,
			);
			defaultConfigurationIsVisible = 0;
			defaultConfigurationName = Release;
		};
		5B098CF11B033ED2004F3D15 /* Build configuration list for PBXNativeTarget "CI ios app" */ = {
			isa = XCConfigurationList;
			buildConfigurations = (
				5B098CF21B033ED2004F3D15 /* Debug */,
				5B098CF31B033ED2004F3D15 /* Release */,
			);
			defaultConfigurationIsVisible = 0;
		};
		5B098CF41B033ED2004F3D15 /* Build configuration list for PBXNativeTarget "CI ios appTests" */ = {
			isa = XCConfigurationList;
			buildConfigurations = (
				5B098CF51B033ED2004F3D15 /* Debug */,
				5B098CF61B033ED2004F3D15 /* Release */,
			);
			defaultConfigurationIsVisible = 0;
		};
/* End XCConfigurationList section */
	};
	rootObject = 5B098CC61B033ED2004F3D15 /* Project object */;
}
